github.com/ragolsnagol/ragol-cli v0.0.0-20250625215910-394e3650e10d h1:Z4CWZ+06t0cAIgwHDbmeU9ZnyUDW9jleriiQ/ELhOxo=
github.com/ragolsnagol/ragol-cli v0.0.0-20250625215910-394e3650e10d/go.mod h1:YjlJhigxtHLT8ApJo7YStgCoBFr+kwz6HNTbzll0UVk=
github.com/ragolsnagol/ragol-cli v0.0.0-20250625221059-bc411ad07792 h1:PbDgv2msuBjqxef/1n49NXLQN0wRxUkWdsS2aGP25+U=
github.com/ragolsnagol/ragol-cli v0.0.0-20250625221059-bc411ad07792/go.mod h1:YjlJhigxtHLT8ApJo7YStgCoBFr+kwz6HNTbzll0UVk=
github.com/ragolsnagol/ragol-cli v0.0.0-20250625221741-c6cb44142148 h1:TSJFjM6LlPJD8qOsrd83qWOgrTNEAYtPtRmwewG3U10=
github.com/ragolsnagol/ragol-cli v0.0.0-20250625221741-c6cb44142148/go.mod h1:YjlJhigxtHLT8ApJo7YStgCoBFr+kwz6HNTbzll0UVk=
